// !$*UTF8*$!
{
	archiveVersion = 1;
	classes = {
	};
	objectVersion = 50;
	objects = {

/* Begin PBXBuildFile section */
		40390DB1D96BA4AED0A311F5 /* Pods_Tokenomics.framework in Frameworks */ = {isa = PBXBuildFile; fileRef = D343BB157F696C8E0F6A6D6A /* Pods_Tokenomics.framework */; };
		D8E854602100E835007F531B /* AppDelegate.swift in Sources */ = {isa = PBXBuildFile; fileRef = D8E8545F2100E835007F531B /* AppDelegate.swift */; };
		D8E854622100E835007F531B /* AllAssetsViewController.swift in Sources */ = {isa = PBXBuildFile; fileRef = D8E854612100E835007F531B /* AllAssetsViewController.swift */; };
		D8E854642100E835007F531B /* PortfolioViewController.swift in Sources */ = {isa = PBXBuildFile; fileRef = D8E854632100E835007F531B /* PortfolioViewController.swift */; };
		D8E854672100E835007F531B /* Main.storyboard in Resources */ = {isa = PBXBuildFile; fileRef = D8E854652100E835007F531B /* Main.storyboard */; };
		D8E854692100E838007F531B /* Assets.xcassets in Resources */ = {isa = PBXBuildFile; fileRef = D8E854682100E838007F531B /* Assets.xcassets */; };
		D8E8546C2100E838007F531B /* LaunchScreen.storyboard in Resources */ = {isa = PBXBuildFile; fileRef = D8E8546A2100E838007F531B /* LaunchScreen.storyboard */; };
/* End PBXBuildFile section */

/* Begin PBXFileReference section */
		4CF32B0511E350D07AB7355B /* Pods-Tokenomics.debug.xcconfig */ = {isa = PBXFileReference; includeInIndex = 1; lastKnownFileType = text.xcconfig; name = "Pods-Tokenomics.debug.xcconfig"; path = "Pods/Target Support Files/Pods-Tokenomics/Pods-Tokenomics.debug.xcconfig"; sourceTree = "<group>"; };
		5B657851596857E873F745EC /* Pods-Tokenomics.release.xcconfig */ = {isa = PBXFileReference; includeInIndex = 1; lastKnownFileType = text.xcconfig; name = "Pods-Tokenomics.release.xcconfig"; path = "Pods/Target Support Files/Pods-Tokenomics/Pods-Tokenomics.release.xcconfig"; sourceTree = "<group>"; };
		D343BB157F696C8E0F6A6D6A /* Pods_Tokenomics.framework */ = {isa = PBXFileReference; explicitFileType = wrapper.framework; includeInIndex = 0; path = Pods_Tokenomics.framework; sourceTree = BUILT_PRODUCTS_DIR; };
		D8E8545C2100E835007F531B /* Tokenomics.app */ = {isa = PBXFileReference; explicitFileType = wrapper.application; includeInIndex = 0; path = Tokenomics.app; sourceTree = BUILT_PRODUCTS_DIR; };
		D8E8545F2100E835007F531B /* AppDelegate.swift */ = {isa = PBXFileReference; lastKnownFileType = sourcecode.swift; path = AppDelegate.swift; sourceTree = "<group>"; };
		D8E854612100E835007F531B /* AllAssetsViewController.swift */ = {isa = PBXFileReference; lastKnownFileType = sourcecode.swift; path = AllAssetsViewController.swift; sourceTree = "<group>"; };
		D8E854632100E835007F531B /* PortfolioViewController.swift */ = {isa = PBXFileReference; lastKnownFileType = sourcecode.swift; path = PortfolioViewController.swift; sourceTree = "<group>"; };
		D8E854662100E835007F531B /* Base */ = {isa = PBXFileReference; lastKnownFileType = file.storyboard; name = Base; path = Base.lproj/Main.storyboard; sourceTree = "<group>"; };
		D8E854682100E838007F531B /* Assets.xcassets */ = {isa = PBXFileReference; lastKnownFileType = folder.assetcatalog; path = Assets.xcassets; sourceTree = "<group>"; };
		D8E8546B2100E838007F531B /* Base */ = {isa = PBXFileReference; lastKnownFileType = file.storyboard; name = Base; path = Base.lproj/LaunchScreen.storyboard; sourceTree = "<group>"; };
		D8E8546D2100E838007F531B /* Info.plist */ = {isa = PBXFileReference; lastKnownFileType = text.plist.xml; path = Info.plist; sourceTree = "<group>"; };
/* End PBXFileReference section */

/* Begin PBXFrameworksBuildPhase section */
		D8E854592100E835007F531B /* Frameworks */ = {
			isa = PBXFrameworksBuildPhase;
			buildActionMask = 2147483647;
			files = (
				40390DB1D96BA4AED0A311F5 /* Pods_Tokenomics.framework in Frameworks */,
			);
			runOnlyForDeploymentPostprocessing = 0;
		};
/* End PBXFrameworksBuildPhase section */

/* Begin PBXGroup section */
		9991C734B34CAEAB17521887 /* Pods */ = {
			isa = PBXGroup;
			children = (
				4CF32B0511E350D07AB7355B /* Pods-Tokenomics.debug.xcconfig */,
				5B657851596857E873F745EC /* Pods-Tokenomics.release.xcconfig */,
			);
			name = Pods;
			sourceTree = "<group>";
		};
		D8E854532100E835007F531B = {
			isa = PBXGroup;
			children = (
				D8E8545E2100E835007F531B /* Tokenomics */,
				D8E8545D2100E835007F531B /* Products */,
				9991C734B34CAEAB17521887 /* Pods */,
				DBDDA66CEE674E71C9EAB672 /* Frameworks */,
			);
			sourceTree = "<group>";
		};
		D8E8545D2100E835007F531B /* Products */ = {
			isa = PBXGroup;
			children = (
				D8E8545C2100E835007F531B /* Tokenomics.app */,
			);
			name = Products;
			sourceTree = "<group>";
		};
		D8E8545E2100E835007F531B /* Tokenomics */ = {
			isa = PBXGroup;
			children = (
				D8E8545F2100E835007F531B /* AppDelegate.swift */,
				D8E854612100E835007F531B /* AllAssetsViewController.swift */,
				D8E854632100E835007F531B /* PortfolioViewController.swift */,
				D8E854652100E835007F531B /* Main.storyboard */,
				D8E854682100E838007F531B /* Assets.xcassets */,
				D8E8546A2100E838007F531B /* LaunchScreen.storyboard */,
				D8E8546D2100E838007F531B /* Info.plist */,
			);
			path = Tokenomics;
			sourceTree = "<group>";
		};
		DBDDA66CEE674E71C9EAB672 /* Frameworks */ = {
			isa = PBXGroup;
			children = (
				D343BB157F696C8E0F6A6D6A /* Pods_Tokenomics.framework */,
			);
			name = Frameworks;
			sourceTree = "<group>";
		};
/* End PBXGroup section */

/* Begin PBXNativeTarget section */
		D8E8545B2100E835007F531B /* Tokenomics */ = {
			isa = PBXNativeTarget;
			buildConfigurationList = D8E854702100E838007F531B /* Build configuration list for PBXNativeTarget "Tokenomics" */;
			buildPhases = (
				FEE3281A04D6261F5A68EFAA /* [CP] Check Pods Manifest.lock */,
				D8E854582100E835007F531B /* Sources */,
				D8E854592100E835007F531B /* Frameworks */,
				D8E8545A2100E835007F531B /* Resources */,
				51E74BB0CA2BB3FAF43A14F4 /* [CP] Embed Pods Frameworks */,
			);
			buildRules = (
			);
			dependencies = (
			);
			name = Tokenomics;
			productName = Tokenomics;
			productReference = D8E8545C2100E835007F531B /* Tokenomics.app */;
			productType = "com.apple.product-type.application";
		};
/* End PBXNativeTarget section */

/* Begin PBXProject section */
		D8E854542100E835007F531B /* Project object */ = {
			isa = PBXProject;
			attributes = {
				LastSwiftUpdateCheck = 0940;
				LastUpgradeCheck = 0940;
				ORGANIZATIONNAME = "Vitaly Bokser";
				TargetAttributes = {
					D8E8545B2100E835007F531B = {
						CreatedOnToolsVersion = 9.4.1;
					};
				};
			};
			buildConfigurationList = D8E854572100E835007F531B /* Build configuration list for PBXProject "Tokenomics" */;
			compatibilityVersion = "Xcode 9.3";
			developmentRegion = en;
			hasScannedForEncodings = 0;
			knownRegions = (
				en,
				Base,
			);
			mainGroup = D8E854532100E835007F531B;
			productRefGroup = D8E8545D2100E835007F531B /* Products */;
			projectDirPath = "";
			projectRoot = "";
			targets = (
				D8E8545B2100E835007F531B /* Tokenomics */,
			);
		};
/* End PBXProject section */

/* Begin PBXResourcesBuildPhase section */
		D8E8545A2100E835007F531B /* Resources */ = {
			isa = PBXResourcesBuildPhase;
			buildActionMask = 2147483647;
			files = (
				D8E8546C2100E838007F531B /* LaunchScreen.storyboard in Resources */,
				D8E854692100E838007F531B /* Assets.xcassets in Resources */,
				D8E854672100E835007F531B /* Main.storyboard in Resources */,
			);
			runOnlyForDeploymentPostprocessing = 0;
		};
/* End PBXResourcesBuildPhase section */

/* Begin PBXShellScriptBuildPhase section */
		51E74BB0CA2BB3FAF43A14F4 /* [CP] Embed Pods Frameworks */ = {
			isa = PBXShellScriptBuildPhase;
			buildActionMask = 2147483647;
			files = (
			);
			inputPaths = (
				"${SRCROOT}/Pods/Target Support Files/Pods-Tokenomics/Pods-Tokenomics-frameworks.sh",
				"${BUILT_PRODUCTS_DIR}/CryptoCurrencyKit/CryptoCurrencyKit.framework",
			);
			name = "[CP] Embed Pods Frameworks";
			outputPaths = (
				"${TARGET_BUILD_DIR}/${FRAMEWORKS_FOLDER_PATH}/CryptoCurrencyKit.framework",
			);
			runOnlyForDeploymentPostprocessing = 0;
			shellPath = /bin/sh;
			shellScript = "\"${SRCROOT}/Pods/Target Support Files/Pods-Tokenomics/Pods-Tokenomics-frameworks.sh\"\n";
			showEnvVarsInLog = 0;
		};
		FEE3281A04D6261F5A68EFAA /* [CP] Check Pods Manifest.lock */ = {
			isa = PBXShellScriptBuildPhase;
			buildActionMask = 2147483647;
			files = (
			);
			inputPaths = (
				"${PODS_PODFILE_DIR_PATH}/Podfile.lock",
				"${PODS_ROOT}/Manifest.lock",
			);
			name = "[CP] Check Pods Manifest.lock";
			outputPaths = (
				"$(DERIVED_FILE_DIR)/Pods-Tokenomics-checkManifestLockResult.txt",
			);
			runOnlyForDeploymentPostprocessing = 0;
			shellPath = /bin/sh;
			shellScript = "diff \"${PODS_PODFILE_DIR_PATH}/Podfile.lock\" \"${PODS_ROOT}/Manifest.lock\" > /dev/null\nif [ $? != 0 ] ; then\n    # print error to STDERR\n    echo \"error: The sandbox is not in sync with the Podfile.lock. Run 'pod install' or update your CocoaPods installation.\" >&2\n    exit 1\nfi\n# This output is used by Xcode 'outputs' to avoid re-running this script phase.\necho \"SUCCESS\" > \"${SCRIPT_OUTPUT_FILE_0}\"\n";
			showEnvVarsInLog = 0;
		};
/* End PBXShellScriptBuildPhase section */

/* Begin PBXSourcesBuildPhase section */
		D8E854582100E835007F531B /* Sources */ = {
			isa = PBXSourcesBuildPhase;
			buildActionMask = 2147483647;
			files = (
				D8E854642100E835007F531B /* PortfolioViewController.swift in Sources */,
				D8E854602100E835007F531B /* AppDelegate.swift in Sources */,
				D8E854622100E835007F531B /* AllAssetsViewController.swift in Sources */,
			);
			runOnlyForDeploymentPostprocessing = 0;
		};
/* End PBXSourcesBuildPhase section */

/* Begin PBXVariantGroup section */
		D8E854652100E835007F531B /* Main.storyboard */ = {
			isa = PBXVariantGroup;
			children = (
				D8E854662100E835007F531B /* Base */,
			);
			name = Main.storyboard;
			sourceTree = "<group>";
		};
		D8E8546A2100E838007F531B /* LaunchScreen.storyboard */ = {
			isa = PBXVariantGroup;
			children = (
				D8E8546B2100E838007F531B /* Base */,
			);
			name = LaunchScreen.storyboard;
			sourceTree = "<group>";
		};
/* End PBXVariantGroup section */

/* Begin XCBuildConfiguration section */
		D8E8546E2100E838007F531B /* Debug */ = {
			isa = XCBuildConfiguration;
			buildSettings = {
				ALWAYS_SEARCH_USER_PATHS = NO;
				CLANG_ANALYZER_NONNULL = YES;
				CLANG_ANALYZER_NUMBER_OBJECT_CONVERSION = YES_AGGRESSIVE;
				CLANG_CXX_LANGUAGE_STANDARD = "gnu++14";
				CLANG_CXX_LIBRARY = "libc++";
				CLANG_ENABLE_MODULES = YES;
				CLANG_ENABLE_OBJC_ARC = YES;
				CLANG_ENABLE_OBJC_WEAK = YES;
				CLANG_WARN_BLOCK_CAPTURE_AUTORELEASING = YES;
				CLANG_WARN_BOOL_CONVERSION = YES;
				CLANG_WARN_COMMA = YES;
				CLANG_WARN_CONSTANT_CONVERSION = YES;
				CLANG_WARN_DEPRECATED_OBJC_IMPLEMENTATIONS = YES;
				CLANG_WARN_DIRECT_OBJC_ISA_USAGE = YES_ERROR;
				CLANG_WARN_DOCUMENTATION_COMMENTS = YES;
				CLANG_WARN_EMPTY_BODY = YES;
				CLANG_WARN_ENUM_CONVERSION = YES;
				CLANG_WARN_INFINITE_RECURSION = YES;
				CLANG_WARN_INT_CONVERSION = YES;
				CLANG_WARN_NON_LITERAL_NULL_CONVERSION = YES;
				CLANG_WARN_OBJC_IMPLICIT_RETAIN_SELF = YES;
				CLANG_WARN_OBJC_LITERAL_CONVERSION = YES;
				CLANG_WARN_OBJC_ROOT_CLASS = YES_ERROR;
				CLANG_WARN_RANGE_LOOP_ANALYSIS = YES;
				CLANG_WARN_STRICT_PROTOTYPES = YES;
				CLANG_WARN_SUSPICIOUS_MOVE = YES;
				CLANG_WARN_UNGUARDED_AVAILABILITY = YES_AGGRESSIVE;
				CLANG_WARN_UNREACHABLE_CODE = YES;
				CLANG_WARN__DUPLICATE_METHOD_MATCH = YES;
				CODE_SIGN_IDENTITY = "iPhone Developer";
				COPY_PHASE_STRIP = NO;
				DEBUG_INFORMATION_FORMAT = dwarf;
				ENABLE_STRICT_OBJC_MSGSEND = YES;
				ENABLE_TESTABILITY = YES;
				GCC_C_LANGUAGE_STANDARD = gnu11;
				GCC_DYNAMIC_NO_PIC = NO;
				GCC_NO_COMMON_BLOCKS = YES;
				GCC_OPTIMIZATION_LEVEL = 0;
				GCC_PREPROCESSOR_DEFINITIONS = (
					"DEBUG=1",
					"$(inherited)",
				);
				GCC_WARN_64_TO_32_BIT_CONVERSION = YES;
				GCC_WARN_ABOUT_RETURN_TYPE = YES_ERROR;
				GCC_WARN_UNDECLARED_SELECTOR = YES;
				GCC_WARN_UNINITIALIZED_AUTOS = YES_AGGRESSIVE;
				GCC_WARN_UNUSED_FUNCTION = YES;
				GCC_WARN_UNUSED_VARIABLE = YES;
				IPHONEOS_DEPLOYMENT_TARGET = 11.4;
				MTL_ENABLE_DEBUG_INFO = YES;
				ONLY_ACTIVE_ARCH = YES;
				SDKROOT = iphoneos;
				SWIFT_ACTIVE_COMPILATION_CONDITIONS = DEBUG;
				SWIFT_OPTIMIZATION_LEVEL = "-Onone";
			};
			name = Debug;
		};
		D8E8546F2100E838007F531B /* Release */ = {
			isa = XCBuildConfiguration;
			buildSettings = {
				ALWAYS_SEARCH_USER_PATHS = NO;
				CLANG_ANALYZER_NONNULL = YES;
				CLANG_ANALYZER_NUMBER_OBJECT_CONVERSION = YES_AGGRESSIVE;
				CLANG_CXX_LANGUAGE_STANDARD = "gnu++14";
				CLANG_CXX_LIBRARY = "libc++";
				CLANG_ENABLE_MODULES = YES;
				CLANG_ENABLE_OBJC_ARC = YES;
				CLANG_ENABLE_OBJC_WEAK = YES;
				CLANG_WARN_BLOCK_CAPTURE_AUTORELEASING = YES;
				CLANG_WARN_BOOL_CONVERSION = YES;
				CLANG_WARN_COMMA = YES;
				CLANG_WARN_CONSTANT_CONVERSION = YES;
				CLANG_WARN_DEPRECATED_OBJC_IMPLEMENTATIONS = YES;
				CLANG_WARN_DIRECT_OBJC_ISA_USAGE = YES_ERROR;
				CLANG_WARN_DOCUMENTATION_COMMENTS = YES;
				CLANG_WARN_EMPTY_BODY = YES;
				CLANG_WARN_ENUM_CONVERSION = YES;
				CLANG_WARN_INFINITE_RECURSION = YES;
				CLANG_WARN_INT_CONVERSION = YES;
				CLANG_WARN_NON_LITERAL_NULL_CONVERSION = YES;
				CLANG_WARN_OBJC_IMPLICIT_RETAIN_SELF = YES;
				CLANG_WARN_OBJC_LITERAL_CONVERSION = YES;
				CLANG_WARN_OBJC_ROOT_CLASS = YES_ERROR;
				CLANG_WARN_RANGE_LOOP_ANALYSIS = YES;
				CLANG_WARN_STRICT_PROTOTYPES = YES;
				CLANG_WARN_SUSPICIOUS_MOVE = YES;
				CLANG_WARN_UNGUARDED_AVAILABILITY = YES_AGGRESSIVE;
				CLANG_WARN_UNREACHABLE_CODE = YES;
				CLANG_WARN__DUPLICATE_METHOD_MATCH = YES;
				CODE_SIGN_IDENTITY = "iPhone Developer";
				COPY_PHASE_STRIP = NO;
				DEBUG_INFORMATION_FORMAT = "dwarf-with-dsym";
				ENABLE_NS_ASSERTIONS = NO;
				ENABLE_STRICT_OBJC_MSGSEND = YES;
				GCC_C_LANGUAGE_STANDARD = gnu11;
				GCC_NO_COMMON_BLOCKS = YES;
				GCC_WARN_64_TO_32_BIT_CONVERSION = YES;
				GCC_WARN_ABOUT_RETURN_TYPE = YES_ERROR;
				GCC_WARN_UNDECLARED_SELECTOR = YES;
				GCC_WARN_UNINITIALIZED_AUTOS = YES_AGGRESSIVE;
				GCC_WARN_UNUSED_FUNCTION = YES;
				GCC_WARN_UNUSED_VARIABLE = YES;
				IPHONEOS_DEPLOYMENT_TARGET = 11.4;
				MTL_ENABLE_DEBUG_INFO = NO;
				SDKROOT = iphoneos;
				SWIFT_COMPILATION_MODE = wholemodule;
				SWIFT_OPTIMIZATION_LEVEL = "-O";
				VALIDATE_PRODUCT = YES;
			};
			name = Release;
		};
		D8E854712100E838007F531B /* Debug */ = {
			isa = XCBuildConfiguration;
			baseConfigurationReference = 4CF32B0511E350D07AB7355B /* Pods-Tokenomics.debug.xcconfig */;
			buildSettings = {
				ASSETCATALOG_COMPILER_APPICON_NAME = AppIcon;
				CODE_SIGN_STYLE = Automatic;
				DEVELOPMENT_TEAM = W269739UBV;
				INFOPLIST_FILE = Tokenomics/Info.plist;
				LD_RUNPATH_SEARCH_PATHS = (
					"$(inherited)",
					"@executable_path/Frameworks",
				);
				PRODUCT_BUNDLE_IDENTIFIER = com.indiefilmgear.Tokenomics;
				PRODUCT_NAME = "$(TARGET_NAME)";
				SWIFT_VERSION = 4.0;
				TARGETED_DEVICE_FAMILY = "1,2";
			};
			name = Debug;
		};
		D8E854722100E838007F531B /* Release */ = {
			isa = XCBuildConfiguration;
			baseConfigurationReference = 5B657851596857E873F745EC /* Pods-Tokenomics.release.xcconfig */;
			buildSettings = {
				ASSETCATALOG_COMPILER_APPICON_NAME = AppIcon;
				CODE_SIGN_STYLE = Automatic;
				DEVELOPMENT_TEAM = W269739UBV;
				INFOPLIST_FILE = Tokenomics/Info.plist;
				LD_RUNPATH_SEARCH_PATHS = (
					"$(inherited)",
					"@executable_path/Frameworks",
				);
				PRODUCT_BUNDLE_IDENTIFIER = com.indiefilmgear.Tokenomics;
				PRODUCT_NAME = "$(TARGET_NAME)";
				SWIFT_VERSION = 4.0;
				TARGETED_DEVICE_FAMILY = "1,2";
			};
			name = Release;
		};
/* End XCBuildConfiguration section */

/* Begin XCConfigurationList section */
		D8E854572100E835007F531B /* Build configuration list for PBXProject "Tokenomics" */ = {
			isa = XCConfigurationList;
			buildConfigurations = (
				D8E8546E2100E838007F531B /* Debug */,
				D8E8546F2100E838007F531B /* Release */,
			);
			defaultConfigurationIsVisible = 0;
			defaultConfigurationName = Release;
		};
		D8E854702100E838007F531B /* Build configuration list for PBXNativeTarget "Tokenomics" */ = {
			isa = XCConfigurationList;
			buildConfigurations = (
				D8E854712100E838007F531B /* Debug */,
				D8E854722100E838007F531B /* Release */,
			);
			defaultConfigurationIsVisible = 0;
			defaultConfigurationName = Release;
		};
/* End XCConfigurationList section */
	};
	rootObject = D8E854542100E835007F531B /* Project object */;
}
